
Microsoft Visual Studio Solution File, Format Version 12.00
# Visual Studio 14
VisualStudioVersion = 14.0.24720.0
MinimumVisualStudioVersion = 10.0.40219.1
Project("{FAE04EC0-301F-11D3-BF4B-00C04F79EFBC}") = "Ex01_UI", "Ex01_UI\Ex01_UI.csproj", "{8212E132-BA6A-4153-BC5B-62A21B9D6DE1}"
EndProject
Project("{FAE04EC0-301F-11D3-BF4B-00C04F79EFBC}") = "Ex01_Logic", "Ex01_Logic\Ex01_Logic.csproj", "{9B6AF0E1-A782-4C20-A339-5B3C65785989}"
EndProject
Project("{2150E333-8FDC-42A3-9474-1A3956D46DE8}") = "Solution Items", "Solution Items", "{C184C6D8-A8AF-4E3D-A267-F51D4F277006}"
	ProjectSection(SolutionItems) = preProject
		C17 Ex02 Ori 305766594 Shahar 305322851.docx = C17 Ex02 Ori 305766594 Shahar 305322851.docx
		Exercise Checking Report.txt = Exercise Checking Report.txt
	EndProjectSection
EndProject
Global
	GlobalSection(SolutionConfigurationPlatforms) = preSolution
		Debug|Any CPU = Debug|Any CPU
		Release|Any CPU = Release|Any CPU
	EndGlobalSection
	GlobalSection(ProjectConfigurationPlatforms) = postSolution
		{8212E132-BA6A-4153-BC5B-62A21B9D6DE1}.Debug|Any CPU.ActiveCfg = Debug|Any CPU
		{8212E132-BA6A-4153-BC5B-62A21B9D6DE1}.Debug|Any CPU.Build.0 = Debug|Any CPU
		{8212E132-BA6A-4153-BC5B-62A21B9D6DE1}.Release|Any CPU.ActiveCfg = Release|Any CPU
		{8212E132-BA6A-4153-BC5B-62A21B9D6DE1}.Release|Any CPU.Build.0 = Release|Any CPU
		{9B6AF0E1-A782-4C20-A339-5B3C65785989}.Debug|Any CPU.ActiveCfg = Debug|Any CPU
		{9B6AF0E1-A782-4C20-A339-5B3C65785989}.Debug|Any CPU.Build.0 = Debug|Any CPU
		{9B6AF0E1-A782-4C20-A339-5B3C65785989}.Release|Any CPU.ActiveCfg = Release|Any CPU
		{9B6AF0E1-A782-4C20-A339-5B3C65785989}.Release|Any CPU.Build.0 = Release|Any CPU
	EndGlobalSection
	GlobalSection(SolutionProperties) = preSolution
		HideSolutionNode = FALSE
	EndGlobalSection
EndGlobal
